
Microsoft Visual Studio Solution File, Format Version 12.00
# Visual Studio Version 16
VisualStudioVersion = 16.0.30523.141
MinimumVisualStudioVersion = 10.0.40219.1
Project("{FAE04EC0-301F-11D3-BF4B-00C04F79EFBC}") = "HackerNewsApiTest", "HackerNewsApiTest\HackerNewsApiTest.csproj", "{715B4D71-E0BC-4048-84FB-BD7CE5A72DC5}"
EndProject
Global
	GlobalSection(SolutionConfigurationPlatforms) = preSolution
		Debug|Any CPU = Debug|Any CPU
		Release|Any CPU = Release|Any CPU
	EndGlobalSection
	GlobalSection(ProjectConfigurationPlatforms) = postSolution
		{715B4D71-E0BC-4048-84FB-BD7CE5A72DC5}.Debug|Any CPU.ActiveCfg = Debug|Any CPU
		{715B4D71-E0BC-4048-84FB-BD7CE5A72DC5}.Debug|Any CPU.Build.0 = Debug|Any CPU
		{715B4D71-E0BC-4048-84FB-BD7CE5A72DC5}.Release|Any CPU.ActiveCfg = Release|Any CPU
		{715B4D71-E0BC-4048-84FB-BD7CE5A72DC5}.Release|Any CPU.Build.0 = Release|Any CPU
	EndGlobalSection
	GlobalSection(SolutionProperties) = preSolution
		HideSolutionNode = FALSE
	EndGlobalSection
	GlobalSection(ExtensibilityGlobals) = postSolution
		SolutionGuid = {724708CD-507B-4CC1-8A7F-AC1E26B946D8}
	EndGlobalSection
EndGlobal
